// !$*UTF8*$!
{
	archiveVersion = 1;
	classes = {
	};
	objectVersion = 50;
	objects = {

/* Begin PBXBuildFile section */
		34027ED622DC907A00157D9A /* Demo.swift in Sources */ = {isa = PBXBuildFile; fileRef = 34027ED522DC907A00157D9A /* Demo.swift */; };
		34182D5722D58D5900808401 /* ShowTaskVC.swift in Sources */ = {isa = PBXBuildFile; fileRef = 34182D5522D58D5900808401 /* ShowTaskVC.swift */; };
		34182D5822D58D5900808401 /* ShowTaskVC.xib in Resources */ = {isa = PBXBuildFile; fileRef = 34182D5622D58D5900808401 /* ShowTaskVC.xib */; };
		34182D5B22D5A0DD00808401 /* TagCount.swift in Sources */ = {isa = PBXBuildFile; fileRef = 34182D5922D5A0DD00808401 /* TagCount.swift */; };
		34182D5C22D5A0DD00808401 /* TagCount.xib in Resources */ = {isa = PBXBuildFile; fileRef = 34182D5A22D5A0DD00808401 /* TagCount.xib */; };
		34182D5F22D5CE7500808401 /* TimeLineCell.swift in Sources */ = {isa = PBXBuildFile; fileRef = 34182D5D22D5CE7500808401 /* TimeLineCell.swift */; };
		34182D6022D5CE7500808401 /* TimeLineCell.xib in Resources */ = {isa = PBXBuildFile; fileRef = 34182D5E22D5CE7500808401 /* TimeLineCell.xib */; };
		34182D6622D6C9AA00808401 /* Assets.xcassets in Resources */ = {isa = PBXBuildFile; fileRef = 34182D6522D6C9AA00808401 /* Assets.xcassets */; };
		34182D6B22D6D55600808401 /* GoogleService-Info.plist in Resources */ = {isa = PBXBuildFile; fileRef = 34182D6A22D6D55500808401 /* GoogleService-Info.plist */; };
		3419BB4B22CF3BA500D34722 /* TypeTag.swift in Sources */ = {isa = PBXBuildFile; fileRef = 3419BB4A22CF3BA500D34722 /* TypeTag.swift */; };
		3419BB5022CF531000D34722 /* EditVC.swift in Sources */ = {isa = PBXBuildFile; fileRef = 3419BB4E22CF531000D34722 /* EditVC.swift */; };
		3419BB5122CF531000D34722 /* EditVC.xib in Resources */ = {isa = PBXBuildFile; fileRef = 3419BB4F22CF531000D34722 /* EditVC.xib */; };
		3466DF0122D49FF90030A383 /* SpecialCell.swift in Sources */ = {isa = PBXBuildFile; fileRef = 3466DEFF22D49FF90030A383 /* SpecialCell.swift */; };
		3466DF0222D49FF90030A383 /* SpecialCell.xib in Resources */ = {isa = PBXBuildFile; fileRef = 3466DF0022D49FF90030A383 /* SpecialCell.xib */; };
		346EC1B622E54C99009ABF38 /* AddPeopleCell.swift in Sources */ = {isa = PBXBuildFile; fileRef = 346EC1B422E54C99009ABF38 /* AddPeopleCell.swift */; };
		346EC1B722E54C99009ABF38 /* AddPeopleCell.xib in Resources */ = {isa = PBXBuildFile; fileRef = 346EC1B522E54C99009ABF38 /* AddPeopleCell.xib */; };
		3498DDB922E5B85F00BCBD1B /* AddImageCell.swift in Sources */ = {isa = PBXBuildFile; fileRef = 3498DDB722E5B85F00BCBD1B /* AddImageCell.swift */; };
		3498DDBA22E5B85F00BCBD1B /* AddImageCell.xib in Resources */ = {isa = PBXBuildFile; fileRef = 3498DDB822E5B85F00BCBD1B /* AddImageCell.xib */; };
		349FA9E722CDDD5200009361 /* AppDelegate.swift in Sources */ = {isa = PBXBuildFile; fileRef = 349FA9E622CDDD5200009361 /* AppDelegate.swift */; };
		349FA9E922CDDD5200009361 /* ViewController.swift in Sources */ = {isa = PBXBuildFile; fileRef = 349FA9E822CDDD5200009361 /* ViewController.swift */; };
		349FA9EC22CDDD5200009361 /* Main.storyboard in Resources */ = {isa = PBXBuildFile; fileRef = 349FA9EA22CDDD5200009361 /* Main.storyboard */; };
		349FA9F122CDDD5300009361 /* LaunchScreen.storyboard in Resources */ = {isa = PBXBuildFile; fileRef = 349FA9EF22CDDD5300009361 /* LaunchScreen.storyboard */; };
		349FAA0622CDF38D00009361 /* AddVC.swift in Sources */ = {isa = PBXBuildFile; fileRef = 349FAA0422CDF38D00009361 /* AddVC.swift */; };
		349FAA0722CDF38D00009361 /* AddVC.xib in Resources */ = {isa = PBXBuildFile; fileRef = 349FAA0522CDF38D00009361 /* AddVC.xib */; };
		349FAA0A22CE086D00009361 /* TypeViewCell.swift in Sources */ = {isa = PBXBuildFile; fileRef = 349FAA0822CE086D00009361 /* TypeViewCell.swift */; };
		349FAA0B22CE086D00009361 /* TypeViewCell.xib in Resources */ = {isa = PBXBuildFile; fileRef = 349FAA0922CE086D00009361 /* TypeViewCell.xib */; };
		34CB95CA22D4318800F8B480 /* ListTask.swift in Sources */ = {isa = PBXBuildFile; fileRef = 34CB95C922D4318800F8B480 /* ListTask.swift */; };
		34CB95CD22D44C1300F8B480 /* CellTask.swift in Sources */ = {isa = PBXBuildFile; fileRef = 34CB95CB22D44C1300F8B480 /* CellTask.swift */; };
		34CB95CE22D44C1300F8B480 /* CellTask.xib in Resources */ = {isa = PBXBuildFile; fileRef = 34CB95CC22D44C1300F8B480 /* CellTask.xib */; };
		6C62834E5CC80286F81530EC /* Pods_ToDoList.framework in Frameworks */ = {isa = PBXBuildFile; fileRef = 66E504127CF4D8E96F32C53E /* Pods_ToDoList.framework */; };
/* End PBXBuildFile section */

/* Begin PBXFileReference section */
		24963C2EEC788C704E830FC2 /* Pods-ToDoList.debug.xcconfig */ = {isa = PBXFileReference; includeInIndex = 1; lastKnownFileType = text.xcconfig; name = "Pods-ToDoList.debug.xcconfig"; path = "Target Support Files/Pods-ToDoList/Pods-ToDoList.debug.xcconfig"; sourceTree = "<group>"; };
		34027ED522DC907A00157D9A /* Demo.swift */ = {isa = PBXFileReference; lastKnownFileType = sourcecode.swift; path = Demo.swift; sourceTree = "<group>"; };
		34182D5522D58D5900808401 /* ShowTaskVC.swift */ = {isa = PBXFileReference; lastKnownFileType = sourcecode.swift; path = ShowTaskVC.swift; sourceTree = "<group>"; };
		34182D5622D58D5900808401 /* ShowTaskVC.xib */ = {isa = PBXFileReference; lastKnownFileType = file.xib; path = ShowTaskVC.xib; sourceTree = "<group>"; };
		34182D5922D5A0DD00808401 /* TagCount.swift */ = {isa = PBXFileReference; lastKnownFileType = sourcecode.swift; path = TagCount.swift; sourceTree = "<group>"; };
		34182D5A22D5A0DD00808401 /* TagCount.xib */ = {isa = PBXFileReference; lastKnownFileType = file.xib; path = TagCount.xib; sourceTree = "<group>"; };
		34182D5D22D5CE7500808401 /* TimeLineCell.swift */ = {isa = PBXFileReference; lastKnownFileType = sourcecode.swift; path = TimeLineCell.swift; sourceTree = "<group>"; };
		34182D5E22D5CE7500808401 /* TimeLineCell.xib */ = {isa = PBXFileReference; lastKnownFileType = file.xib; path = TimeLineCell.xib; sourceTree = "<group>"; };
		34182D6522D6C9AA00808401 /* Assets.xcassets */ = {isa = PBXFileReference; lastKnownFileType = folder.assetcatalog; path = Assets.xcassets; sourceTree = "<group>"; };
		34182D6A22D6D55500808401 /* GoogleService-Info.plist */ = {isa = PBXFileReference; fileEncoding = 4; lastKnownFileType = text.plist.xml; path = "GoogleService-Info.plist"; sourceTree = "<group>"; };
		3419BB4A22CF3BA500D34722 /* TypeTag.swift */ = {isa = PBXFileReference; lastKnownFileType = sourcecode.swift; path = TypeTag.swift; sourceTree = "<group>"; };
		3419BB4E22CF531000D34722 /* EditVC.swift */ = {isa = PBXFileReference; lastKnownFileType = sourcecode.swift; path = EditVC.swift; sourceTree = "<group>"; };
		3419BB4F22CF531000D34722 /* EditVC.xib */ = {isa = PBXFileReference; lastKnownFileType = file.xib; path = EditVC.xib; sourceTree = "<group>"; };
		3466DEFF22D49FF90030A383 /* SpecialCell.swift */ = {isa = PBXFileReference; lastKnownFileType = sourcecode.swift; path = SpecialCell.swift; sourceTree = "<group>"; };
		3466DF0022D49FF90030A383 /* SpecialCell.xib */ = {isa = PBXFileReference; lastKnownFileType = file.xib; path = SpecialCell.xib; sourceTree = "<group>"; };
		346EC1B422E54C99009ABF38 /* AddPeopleCell.swift */ = {isa = PBXFileReference; lastKnownFileType = sourcecode.swift; path = AddPeopleCell.swift; sourceTree = "<group>"; };
		346EC1B522E54C99009ABF38 /* AddPeopleCell.xib */ = {isa = PBXFileReference; lastKnownFileType = file.xib; path = AddPeopleCell.xib; sourceTree = "<group>"; };
		3498DDB722E5B85F00BCBD1B /* AddImageCell.swift */ = {isa = PBXFileReference; lastKnownFileType = sourcecode.swift; path = AddImageCell.swift; sourceTree = "<group>"; };
		3498DDB822E5B85F00BCBD1B /* AddImageCell.xib */ = {isa = PBXFileReference; lastKnownFileType = file.xib; path = AddImageCell.xib; sourceTree = "<group>"; };
		349FA9E322CDDD5200009361 /* ToDoList.app */ = {isa = PBXFileReference; explicitFileType = wrapper.application; includeInIndex = 0; path = ToDoList.app; sourceTree = BUILT_PRODUCTS_DIR; };
		349FA9E622CDDD5200009361 /* AppDelegate.swift */ = {isa = PBXFileReference; lastKnownFileType = sourcecode.swift; path = AppDelegate.swift; sourceTree = "<group>"; };
		349FA9E822CDDD5200009361 /* ViewController.swift */ = {isa = PBXFileReference; lastKnownFileType = sourcecode.swift; path = ViewController.swift; sourceTree = "<group>"; };
		349FA9EB22CDDD5200009361 /* Base */ = {isa = PBXFileReference; lastKnownFileType = file.storyboard; name = Base; path = Base.lproj/Main.storyboard; sourceTree = "<group>"; };
		349FA9F022CDDD5300009361 /* Base */ = {isa = PBXFileReference; lastKnownFileType = file.storyboard; name = Base; path = Base.lproj/LaunchScreen.storyboard; sourceTree = "<group>"; };
		349FA9F222CDDD5300009361 /* Info.plist */ = {isa = PBXFileReference; lastKnownFileType = text.plist.xml; path = Info.plist; sourceTree = "<group>"; };
		349FAA0422CDF38D00009361 /* AddVC.swift */ = {isa = PBXFileReference; lastKnownFileType = sourcecode.swift; path = AddVC.swift; sourceTree = "<group>"; };
		349FAA0522CDF38D00009361 /* AddVC.xib */ = {isa = PBXFileReference; lastKnownFileType = file.xib; path = AddVC.xib; sourceTree = "<group>"; };
		349FAA0822CE086D00009361 /* TypeViewCell.swift */ = {isa = PBXFileReference; lastKnownFileType = sourcecode.swift; path = TypeViewCell.swift; sourceTree = "<group>"; };
		349FAA0922CE086D00009361 /* TypeViewCell.xib */ = {isa = PBXFileReference; lastKnownFileType = file.xib; path = TypeViewCell.xib; sourceTree = "<group>"; };
		34CB95C922D4318800F8B480 /* ListTask.swift */ = {isa = PBXFileReference; lastKnownFileType = sourcecode.swift; path = ListTask.swift; sourceTree = "<group>"; };
		34CB95CB22D44C1300F8B480 /* CellTask.swift */ = {isa = PBXFileReference; lastKnownFileType = sourcecode.swift; path = CellTask.swift; sourceTree = "<group>"; };
		34CB95CC22D44C1300F8B480 /* CellTask.xib */ = {isa = PBXFileReference; lastKnownFileType = file.xib; path = CellTask.xib; sourceTree = "<group>"; };
		66E504127CF4D8E96F32C53E /* Pods_ToDoList.framework */ = {isa = PBXFileReference; explicitFileType = wrapper.framework; includeInIndex = 0; path = Pods_ToDoList.framework; sourceTree = BUILT_PRODUCTS_DIR; };
		7A7B740292E7C1BA5AD8EF7B /* Pods-ToDoList.release.xcconfig */ = {isa = PBXFileReference; includeInIndex = 1; lastKnownFileType = text.xcconfig; name = "Pods-ToDoList.release.xcconfig"; path = "Target Support Files/Pods-ToDoList/Pods-ToDoList.release.xcconfig"; sourceTree = "<group>"; };
/* End PBXFileReference section */

/* Begin PBXFrameworksBuildPhase section */
		349FA9E022CDDD5200009361 /* Frameworks */ = {
			isa = PBXFrameworksBuildPhase;
			buildActionMask = 2147483647;
			files = (
				6C62834E5CC80286F81530EC /* Pods_ToDoList.framework in Frameworks */,
			);
			runOnlyForDeploymentPostprocessing = 0;
		};
/* End PBXFrameworksBuildPhase section */

/* Begin PBXGroup section */
		3419BB4922CF3B7200D34722 /* Model */ = {
			isa = PBXGroup;
			children = (
				3419BB4A22CF3BA500D34722 /* TypeTag.swift */,
				34CB95C922D4318800F8B480 /* ListTask.swift */,
			);
			path = Model;
			sourceTree = "<group>";
		};
		349FA9DA22CDDD5200009361 = {
			isa = PBXGroup;
			children = (
				349FA9E522CDDD5200009361 /* ToDoList */,
				349FA9E422CDDD5200009361 /* Products */,
				9AC470A82D3019472102C526 /* Pods */,
				B58E2B0E9946801ABAF40FF5 /* Frameworks */,
			);
			sourceTree = "<group>";
		};
		349FA9E422CDDD5200009361 /* Products */ = {
			isa = PBXGroup;
			children = (
				349FA9E322CDDD5200009361 /* ToDoList.app */,
			);
			name = Products;
			sourceTree = "<group>";
		};
		349FA9E522CDDD5200009361 /* ToDoList */ = {
			isa = PBXGroup;
			children = (
				3419BB4922CF3B7200D34722 /* Model */,
				349FA9F822CDE06600009361 /* Controller */,
				34182D6522D6C9AA00808401 /* Assets.xcassets */,
				349FA9E622CDDD5200009361 /* AppDelegate.swift */,
				349FA9E822CDDD5200009361 /* ViewController.swift */,
				349FA9EA22CDDD5200009361 /* Main.storyboard */,
				349FA9EF22CDDD5300009361 /* LaunchScreen.storyboard */,
				349FA9F222CDDD5300009361 /* Info.plist */,
				34182D6A22D6D55500808401 /* GoogleService-Info.plist */,
				34027ED522DC907A00157D9A /* Demo.swift */,
			);
			path = ToDoList;
			sourceTree = "<group>";
		};
		349FA9F822CDE06600009361 /* Controller */ = {
			isa = PBXGroup;
			children = (
				349FA9FB22CDE0BA00009361 /* ShowViewController */,
				349FA9F922CDE06F00009361 /* AddViewController */,
				349FA9FA22CDE0A600009361 /* EditViewController */,
			);
			path = Controller;
			sourceTree = "<group>";
		};
		349FA9F922CDE06F00009361 /* AddViewController */ = {
			isa = PBXGroup;
			children = (
				349FAA0422CDF38D00009361 /* AddVC.swift */,
				349FAA0522CDF38D00009361 /* AddVC.xib */,
				3498DDB722E5B85F00BCBD1B /* AddImageCell.swift */,
				3498DDB822E5B85F00BCBD1B /* AddImageCell.xib */,
				349FAA0822CE086D00009361 /* TypeViewCell.swift */,
				349FAA0922CE086D00009361 /* TypeViewCell.xib */,
				346EC1B422E54C99009ABF38 /* AddPeopleCell.swift */,
				346EC1B522E54C99009ABF38 /* AddPeopleCell.xib */,
				3466DEFF22D49FF90030A383 /* SpecialCell.swift */,
				3466DF0022D49FF90030A383 /* SpecialCell.xib */,
			);
			path = AddViewController;
			sourceTree = "<group>";
		};
		349FA9FA22CDE0A600009361 /* EditViewController */ = {
			isa = PBXGroup;
			children = (
				3419BB4E22CF531000D34722 /* EditVC.swift */,
				3419BB4F22CF531000D34722 /* EditVC.xib */,
				34CB95CB22D44C1300F8B480 /* CellTask.swift */,
				34CB95CC22D44C1300F8B480 /* CellTask.xib */,
			);
			path = EditViewController;
			sourceTree = "<group>";
		};
		349FA9FB22CDE0BA00009361 /* ShowViewController */ = {
			isa = PBXGroup;
			children = (
				34182D5522D58D5900808401 /* ShowTaskVC.swift */,
				34182D5622D58D5900808401 /* ShowTaskVC.xib */,
				34182D5922D5A0DD00808401 /* TagCount.swift */,
				34182D5A22D5A0DD00808401 /* TagCount.xib */,
				34182D5D22D5CE7500808401 /* TimeLineCell.swift */,
				34182D5E22D5CE7500808401 /* TimeLineCell.xib */,
			);
			path = ShowViewController;
			sourceTree = "<group>";
		};
		9AC470A82D3019472102C526 /* Pods */ = {
			isa = PBXGroup;
			children = (
				24963C2EEC788C704E830FC2 /* Pods-ToDoList.debug.xcconfig */,
				7A7B740292E7C1BA5AD8EF7B /* Pods-ToDoList.release.xcconfig */,
			);
			path = Pods;
			sourceTree = "<group>";
		};
		B58E2B0E9946801ABAF40FF5 /* Frameworks */ = {
			isa = PBXGroup;
			children = (
				66E504127CF4D8E96F32C53E /* Pods_ToDoList.framework */,
			);
			name = Frameworks;
			sourceTree = "<group>";
		};
/* End PBXGroup section */

/* Begin PBXNativeTarget section */
		349FA9E222CDDD5200009361 /* ToDoList */ = {
			isa = PBXNativeTarget;
			buildConfigurationList = 349FA9F522CDDD5300009361 /* Build configuration list for PBXNativeTarget "ToDoList" */;
			buildPhases = (
				99807EDBDBC2365B988AD68F /* [CP] Check Pods Manifest.lock */,
				349FA9DF22CDDD5200009361 /* Sources */,
				349FA9E022CDDD5200009361 /* Frameworks */,
				349FA9E122CDDD5200009361 /* Resources */,
				02D3C74ABED7458EFFF4D8F8 /* [CP] Embed Pods Frameworks */,
			);
			buildRules = (
			);
			dependencies = (
			);
			name = ToDoList;
			productName = ToDoList;
			productReference = 349FA9E322CDDD5200009361 /* ToDoList.app */;
			productType = "com.apple.product-type.application";
		};
/* End PBXNativeTarget section */

/* Begin PBXProject section */
		349FA9DB22CDDD5200009361 /* Project object */ = {
			isa = PBXProject;
			attributes = {
				LastSwiftUpdateCheck = 1010;
				LastUpgradeCheck = 1010;
				ORGANIZATIONNAME = "Nguyen Luong Anh";
				TargetAttributes = {
					349FA9E222CDDD5200009361 = {
						CreatedOnToolsVersion = 10.1;
					};
				};
			};
			buildConfigurationList = 349FA9DE22CDDD5200009361 /* Build configuration list for PBXProject "ToDoList" */;
			compatibilityVersion = "Xcode 9.3";
			developmentRegion = en;
			hasScannedForEncodings = 0;
			knownRegions = (
				en,
				Base,
			);
			mainGroup = 349FA9DA22CDDD5200009361;
			productRefGroup = 349FA9E422CDDD5200009361 /* Products */;
			projectDirPath = "";
			projectRoot = "";
			targets = (
				349FA9E222CDDD5200009361 /* ToDoList */,
			);
		};
/* End PBXProject section */

/* Begin PBXResourcesBuildPhase section */
		349FA9E122CDDD5200009361 /* Resources */ = {
			isa = PBXResourcesBuildPhase;
			buildActionMask = 2147483647;
			files = (
				349FA9F122CDDD5300009361 /* LaunchScreen.storyboard in Resources */,
				3466DF0222D49FF90030A383 /* SpecialCell.xib in Resources */,
				34182D6622D6C9AA00808401 /* Assets.xcassets in Resources */,
				34182D5C22D5A0DD00808401 /* TagCount.xib in Resources */,
				349FAA0722CDF38D00009361 /* AddVC.xib in Resources */,
				34182D6B22D6D55600808401 /* GoogleService-Info.plist in Resources */,
				3419BB5122CF531000D34722 /* EditVC.xib in Resources */,
				34182D5822D58D5900808401 /* ShowTaskVC.xib in Resources */,
				349FAA0B22CE086D00009361 /* TypeViewCell.xib in Resources */,
				34CB95CE22D44C1300F8B480 /* CellTask.xib in Resources */,
				346EC1B722E54C99009ABF38 /* AddPeopleCell.xib in Resources */,
				34182D6022D5CE7500808401 /* TimeLineCell.xib in Resources */,
				349FA9EC22CDDD5200009361 /* Main.storyboard in Resources */,
				3498DDBA22E5B85F00BCBD1B /* AddImageCell.xib in Resources */,
			);
			runOnlyForDeploymentPostprocessing = 0;
		};
/* End PBXResourcesBuildPhase section */

/* Begin PBXShellScriptBuildPhase section */
		02D3C74ABED7458EFFF4D8F8 /* [CP] Embed Pods Frameworks */ = {
			isa = PBXShellScriptBuildPhase;
			buildActionMask = 2147483647;
			files = (
			);
			inputFileListPaths = (
			);
			inputPaths = (
				"${PODS_ROOT}/Target Support Files/Pods-ToDoList/Pods-ToDoList-frameworks.sh",
				"${BUILT_PRODUCTS_DIR}/BoringSSL-GRPC/openssl_grpc.framework",
				"${BUILT_PRODUCTS_DIR}/GTMSessionFetcher/GTMSessionFetcher.framework",
				"${BUILT_PRODUCTS_DIR}/GoogleUtilities/GoogleUtilities.framework",
				"${BUILT_PRODUCTS_DIR}/Protobuf/Protobuf.framework",
				"${BUILT_PRODUCTS_DIR}/SwiftyJSON/SwiftyJSON.framework",
				"${BUILT_PRODUCTS_DIR}/gRPC-C++/grpcpp.framework",
				"${BUILT_PRODUCTS_DIR}/gRPC-Core/grpc.framework",
				"${BUILT_PRODUCTS_DIR}/leveldb-library/leveldb.framework",
				"${BUILT_PRODUCTS_DIR}/nanopb/nanopb.framework",
			);
			name = "[CP] Embed Pods Frameworks";
			outputFileListPaths = (
			);
			outputPaths = (
				"${TARGET_BUILD_DIR}/${FRAMEWORKS_FOLDER_PATH}/openssl_grpc.framework",
				"${TARGET_BUILD_DIR}/${FRAMEWORKS_FOLDER_PATH}/GTMSessionFetcher.framework",
				"${TARGET_BUILD_DIR}/${FRAMEWORKS_FOLDER_PATH}/GoogleUtilities.framework",
				"${TARGET_BUILD_DIR}/${FRAMEWORKS_FOLDER_PATH}/Protobuf.framework",
				"${TARGET_BUILD_DIR}/${FRAMEWORKS_FOLDER_PATH}/SwiftyJSON.framework",
				"${TARGET_BUILD_DIR}/${FRAMEWORKS_FOLDER_PATH}/grpcpp.framework",
				"${TARGET_BUILD_DIR}/${FRAMEWORKS_FOLDER_PATH}/grpc.framework",
				"${TARGET_BUILD_DIR}/${FRAMEWORKS_FOLDER_PATH}/leveldb.framework",
				"${TARGET_BUILD_DIR}/${FRAMEWORKS_FOLDER_PATH}/nanopb.framework",
			);
			runOnlyForDeploymentPostprocessing = 0;
			shellPath = /bin/sh;
			shellScript = "\"${PODS_ROOT}/Target Support Files/Pods-ToDoList/Pods-ToDoList-frameworks.sh\"\n";
			showEnvVarsInLog = 0;
		};
		99807EDBDBC2365B988AD68F /* [CP] Check Pods Manifest.lock */ = {
			isa = PBXShellScriptBuildPhase;
			buildActionMask = 2147483647;
			files = (
			);
			inputFileListPaths = (
			);
			inputPaths = (
				"${PODS_PODFILE_DIR_PATH}/Podfile.lock",
				"${PODS_ROOT}/Manifest.lock",
			);
			name = "[CP] Check Pods Manifest.lock";
			outputFileListPaths = (
			);
			outputPaths = (
				"$(DERIVED_FILE_DIR)/Pods-ToDoList-checkManifestLockResult.txt",
			);
			runOnlyForDeploymentPostprocessing = 0;
			shellPath = /bin/sh;
			shellScript = "diff \"${PODS_PODFILE_DIR_PATH}/Podfile.lock\" \"${PODS_ROOT}/Manifest.lock\" > /dev/null\nif [ $? != 0 ] ; then\n    # print error to STDERR\n    echo \"error: The sandbox is not in sync with the Podfile.lock. Run 'pod install' or update your CocoaPods installation.\" >&2\n    exit 1\nfi\n# This output is used by Xcode 'outputs' to avoid re-running this script phase.\necho \"SUCCESS\" > \"${SCRIPT_OUTPUT_FILE_0}\"\n";
			showEnvVarsInLog = 0;
		};
/* End PBXShellScriptBuildPhase section */

/* Begin PBXSourcesBuildPhase section */
		349FA9DF22CDDD5200009361 /* Sources */ = {
			isa = PBXSourcesBuildPhase;
			buildActionMask = 2147483647;
			files = (
				34182D5F22D5CE7500808401 /* TimeLineCell.swift in Sources */,
				34CB95CA22D4318800F8B480 /* ListTask.swift in Sources */,
				3498DDB922E5B85F00BCBD1B /* AddImageCell.swift in Sources */,
				3419BB4B22CF3BA500D34722 /* TypeTag.swift in Sources */,
				349FAA0622CDF38D00009361 /* AddVC.swift in Sources */,
				349FA9E922CDDD5200009361 /* ViewController.swift in Sources */,
				34CB95CD22D44C1300F8B480 /* CellTask.swift in Sources */,
				34027ED622DC907A00157D9A /* Demo.swift in Sources */,
				349FAA0A22CE086D00009361 /* TypeViewCell.swift in Sources */,
				346EC1B622E54C99009ABF38 /* AddPeopleCell.swift in Sources */,
				34182D5722D58D5900808401 /* ShowTaskVC.swift in Sources */,
				3419BB5022CF531000D34722 /* EditVC.swift in Sources */,
				3466DF0122D49FF90030A383 /* SpecialCell.swift in Sources */,
				349FA9E722CDDD5200009361 /* AppDelegate.swift in Sources */,
				34182D5B22D5A0DD00808401 /* TagCount.swift in Sources */,
			);
			runOnlyForDeploymentPostprocessing = 0;
		};
/* End PBXSourcesBuildPhase section */

/* Begin PBXVariantGroup section */
		349FA9EA22CDDD5200009361 /* Main.storyboard */ = {
			isa = PBXVariantGroup;
			children = (
				349FA9EB22CDDD5200009361 /* Base */,
			);
			name = Main.storyboard;
			sourceTree = "<group>";
		};
		349FA9EF22CDDD5300009361 /* LaunchScreen.storyboard */ = {
			isa = PBXVariantGroup;
			children = (
				349FA9F022CDDD5300009361 /* Base */,
			);
			name = LaunchScreen.storyboard;
			sourceTree = "<group>";
		};
/* End PBXVariantGroup section */

/* Begin XCBuildConfiguration section */
		349FA9F322CDDD5300009361 /* Debug */ = {
			isa = XCBuildConfiguration;
			buildSettings = {
				ALWAYS_SEARCH_USER_PATHS = NO;
				CLANG_ANALYZER_NONNULL = YES;
				CLANG_ANALYZER_NUMBER_OBJECT_CONVERSION = YES_AGGRESSIVE;
				CLANG_CXX_LANGUAGE_STANDARD = "gnu++14";
				CLANG_CXX_LIBRARY = "libc++";
				CLANG_ENABLE_MODULES = YES;
				CLANG_ENABLE_OBJC_ARC = YES;
				CLANG_ENABLE_OBJC_WEAK = YES;
				CLANG_WARN_BLOCK_CAPTURE_AUTORELEASING = YES;
				CLANG_WARN_BOOL_CONVERSION = YES;
				CLANG_WARN_COMMA = YES;
				CLANG_WARN_CONSTANT_CONVERSION = YES;
				CLANG_WARN_DEPRECATED_OBJC_IMPLEMENTATIONS = YES;
				CLANG_WARN_DIRECT_OBJC_ISA_USAGE = YES_ERROR;
				CLANG_WARN_DOCUMENTATION_COMMENTS = YES;
				CLANG_WARN_EMPTY_BODY = YES;
				CLANG_WARN_ENUM_CONVERSION = YES;
				CLANG_WARN_INFINITE_RECURSION = YES;
				CLANG_WARN_INT_CONVERSION = YES;
				CLANG_WARN_NON_LITERAL_NULL_CONVERSION = YES;
				CLANG_WARN_OBJC_IMPLICIT_RETAIN_SELF = YES;
				CLANG_WARN_OBJC_LITERAL_CONVERSION = YES;
				CLANG_WARN_OBJC_ROOT_CLASS = YES_ERROR;
				CLANG_WARN_RANGE_LOOP_ANALYSIS = YES;
				CLANG_WARN_STRICT_PROTOTYPES = YES;
				CLANG_WARN_SUSPICIOUS_MOVE = YES;
				CLANG_WARN_UNGUARDED_AVAILABILITY = YES_AGGRESSIVE;
				CLANG_WARN_UNREACHABLE_CODE = YES;
				CLANG_WARN__DUPLICATE_METHOD_MATCH = YES;
				CODE_SIGN_IDENTITY = "iPhone Developer";
				COPY_PHASE_STRIP = NO;
				DEBUG_INFORMATION_FORMAT = dwarf;
				ENABLE_STRICT_OBJC_MSGSEND = YES;
				ENABLE_TESTABILITY = YES;
				GCC_C_LANGUAGE_STANDARD = gnu11;
				GCC_DYNAMIC_NO_PIC = NO;
				GCC_NO_COMMON_BLOCKS = YES;
				GCC_OPTIMIZATION_LEVEL = 0;
				GCC_PREPROCESSOR_DEFINITIONS = (
					"DEBUG=1",
					"$(inherited)",
				);
				GCC_WARN_64_TO_32_BIT_CONVERSION = YES;
				GCC_WARN_ABOUT_RETURN_TYPE = YES_ERROR;
				GCC_WARN_UNDECLARED_SELECTOR = YES;
				GCC_WARN_UNINITIALIZED_AUTOS = YES_AGGRESSIVE;
				GCC_WARN_UNUSED_FUNCTION = YES;
				GCC_WARN_UNUSED_VARIABLE = YES;
				IPHONEOS_DEPLOYMENT_TARGET = 12.1;
				MTL_ENABLE_DEBUG_INFO = INCLUDE_SOURCE;
				MTL_FAST_MATH = YES;
				ONLY_ACTIVE_ARCH = YES;
				SDKROOT = iphoneos;
				SWIFT_ACTIVE_COMPILATION_CONDITIONS = DEBUG;
				SWIFT_OPTIMIZATION_LEVEL = "-Onone";
			};
			name = Debug;
		};
		349FA9F422CDDD5300009361 /* Release */ = {
			isa = XCBuildConfiguration;
			buildSettings = {
				ALWAYS_SEARCH_USER_PATHS = NO;
				CLANG_ANALYZER_NONNULL = YES;
				CLANG_ANALYZER_NUMBER_OBJECT_CONVERSION = YES_AGGRESSIVE;
				CLANG_CXX_LANGUAGE_STANDARD = "gnu++14";
				CLANG_CXX_LIBRARY = "libc++";
				CLANG_ENABLE_MODULES = YES;
				CLANG_ENABLE_OBJC_ARC = YES;
				CLANG_ENABLE_OBJC_WEAK = YES;
				CLANG_WARN_BLOCK_CAPTURE_AUTORELEASING = YES;
				CLANG_WARN_BOOL_CONVERSION = YES;
				CLANG_WARN_COMMA = YES;
				CLANG_WARN_CONSTANT_CONVERSION = YES;
				CLANG_WARN_DEPRECATED_OBJC_IMPLEMENTATIONS = YES;
				CLANG_WARN_DIRECT_OBJC_ISA_USAGE = YES_ERROR;
				CLANG_WARN_DOCUMENTATION_COMMENTS = YES;
				CLANG_WARN_EMPTY_BODY = YES;
				CLANG_WARN_ENUM_CONVERSION = YES;
				CLANG_WARN_INFINITE_RECURSION = YES;
				CLANG_WARN_INT_CONVERSION = YES;
				CLANG_WARN_NON_LITERAL_NULL_CONVERSION = YES;
				CLANG_WARN_OBJC_IMPLICIT_RETAIN_SELF = YES;
				CLANG_WARN_OBJC_LITERAL_CONVERSION = YES;
				CLANG_WARN_OBJC_ROOT_CLASS = YES_ERROR;
				CLANG_WARN_RANGE_LOOP_ANALYSIS = YES;
				CLANG_WARN_STRICT_PROTOTYPES = YES;
				CLANG_WARN_SUSPICIOUS_MOVE = YES;
				CLANG_WARN_UNGUARDED_AVAILABILITY = YES_AGGRESSIVE;
				CLANG_WARN_UNREACHABLE_CODE = YES;
				CLANG_WARN__DUPLICATE_METHOD_MATCH = YES;
				CODE_SIGN_IDENTITY = "iPhone Developer";
				COPY_PHASE_STRIP = NO;
				DEBUG_INFORMATION_FORMAT = "dwarf-with-dsym";
				ENABLE_NS_ASSERTIONS = NO;
				ENABLE_STRICT_OBJC_MSGSEND = YES;
				GCC_C_LANGUAGE_STANDARD = gnu11;
				GCC_NO_COMMON_BLOCKS = YES;
				GCC_WARN_64_TO_32_BIT_CONVERSION = YES;
				GCC_WARN_ABOUT_RETURN_TYPE = YES_ERROR;
				GCC_WARN_UNDECLARED_SELECTOR = YES;
				GCC_WARN_UNINITIALIZED_AUTOS = YES_AGGRESSIVE;
				GCC_WARN_UNUSED_FUNCTION = YES;
				GCC_WARN_UNUSED_VARIABLE = YES;
				IPHONEOS_DEPLOYMENT_TARGET = 12.1;
				MTL_ENABLE_DEBUG_INFO = NO;
				MTL_FAST_MATH = YES;
				SDKROOT = iphoneos;
				SWIFT_COMPILATION_MODE = wholemodule;
				SWIFT_OPTIMIZATION_LEVEL = "-O";
				VALIDATE_PRODUCT = YES;
			};
			name = Release;
		};
		349FA9F622CDDD5300009361 /* Debug */ = {
			isa = XCBuildConfiguration;
			baseConfigurationReference = 24963C2EEC788C704E830FC2 /* Pods-ToDoList.debug.xcconfig */;
			buildSettings = {
				ASSETCATALOG_COMPILER_APPICON_NAME = AppIcon;
				CODE_SIGN_STYLE = Automatic;
				DEVELOPMENT_TEAM = 35Q6LRJCXT;
				INFOPLIST_FILE = ToDoList/Info.plist;
				LD_RUNPATH_SEARCH_PATHS = (
					"$(inherited)",
					"@executable_path/Frameworks",
				);
				PRODUCT_BUNDLE_IDENTIFIER = com.dellap.ToDoList;
				PRODUCT_NAME = "$(TARGET_NAME)";
				SWIFT_VERSION = 4.2;
				TARGETED_DEVICE_FAMILY = "1,2";
			};
			name = Debug;
		};
		349FA9F722CDDD5300009361 /* Release */ = {
			isa = XCBuildConfiguration;
			baseConfigurationReference = 7A7B740292E7C1BA5AD8EF7B /* Pods-ToDoList.release.xcconfig */;
			buildSettings = {
				ASSETCATALOG_COMPILER_APPICON_NAME = AppIcon;
				CODE_SIGN_STYLE = Automatic;
				DEVELOPMENT_TEAM = 35Q6LRJCXT;
				INFOPLIST_FILE = ToDoList/Info.plist;
				LD_RUNPATH_SEARCH_PATHS = (
					"$(inherited)",
					"@executable_path/Frameworks",
				);
				PRODUCT_BUNDLE_IDENTIFIER = com.dellap.ToDoList;
				PRODUCT_NAME = "$(TARGET_NAME)";
				SWIFT_VERSION = 4.2;
				TARGETED_DEVICE_FAMILY = "1,2";
			};
			name = Release;
		};
/* End XCBuildConfiguration section */

/* Begin XCConfigurationList section */
		349FA9DE22CDDD5200009361 /* Build configuration list for PBXProject "ToDoList" */ = {
			isa = XCConfigurationList;
			buildConfigurations = (
				349FA9F322CDDD5300009361 /* Debug */,
				349FA9F422CDDD5300009361 /* Release */,
			);
			defaultConfigurationIsVisible = 0;
			defaultConfigurationName = Release;
		};
		349FA9F522CDDD5300009361 /* Build configuration list for PBXNativeTarget "ToDoList" */ = {
			isa = XCConfigurationList;
			buildConfigurations = (
				349FA9F622CDDD5300009361 /* Debug */,
				349FA9F722CDDD5300009361 /* Release */,
			);
			defaultConfigurationIsVisible = 0;
			defaultConfigurationName = Release;
		};
/* End XCConfigurationList section */
	};
	rootObject = 349FA9DB22CDDD5200009361 /* Project object */;
}
